
Microsoft Visual Studio Solution File, Format Version 12.00
# Visual Studio Version 16
VisualStudioVersion = 16.0.30804.86
MinimumVisualStudioVersion = 10.0.40219.1
Project("{FAE04EC0-301F-11D3-BF4B-00C04F79EFBC}") = "Phonebook", "Phonebook\Phonebook.csproj", "{AA6BF70E-5C6E-44C8-9645-C868A1AF0859}"
EndProject
Global
	GlobalSection(SolutionConfigurationPlatforms) = preSolution
		Debug|Any CPU = Debug|Any CPU
		Release|Any CPU = Release|Any CPU
	EndGlobalSection
	GlobalSection(ProjectConfigurationPlatforms) = postSolution
		{AA6BF70E-5C6E-44C8-9645-C868A1AF0859}.Debug|Any CPU.ActiveCfg = Debug|Any CPU
		{AA6BF70E-5C6E-44C8-9645-C868A1AF0859}.Debug|Any CPU.Build.0 = Debug|Any CPU
		{AA6BF70E-5C6E-44C8-9645-C868A1AF0859}.Release|Any CPU.ActiveCfg = Release|Any CPU
		{AA6BF70E-5C6E-44C8-9645-C868A1AF0859}.Release|Any CPU.Build.0 = Release|Any CPU
	EndGlobalSection
	GlobalSection(SolutionProperties) = preSolution
		HideSolutionNode = FALSE
	EndGlobalSection
	GlobalSection(ExtensibilityGlobals) = postSolution
		SolutionGuid = {4B557EDA-D7E4-487A-B7AF-1FFD571EDE5D}
	EndGlobalSection
EndGlobal
